
Microsoft Visual Studio Solution File, Format Version 12.00
# Visual Studio 15
VisualStudioVersion = 15.0.27428.1
MinimumVisualStudioVersion = 10.0.40219.1
Project("{FAE04EC0-301F-11D3-BF4B-00C04F79EFBC}") = "AuctionProjectVer1", "AuctionProjectVer1\AuctionProjectVer1.csproj", "{B1A59611-89D8-492C-A38B-49A7E654CE58}"
EndProject
Global
	GlobalSection(SolutionConfigurationPlatforms) = preSolution
		Debug|Any CPU = Debug|Any CPU
		Release|Any CPU = Release|Any CPU
	EndGlobalSection
	GlobalSection(ProjectConfigurationPlatforms) = postSolution
		{B1A59611-89D8-492C-A38B-49A7E654CE58}.Debug|Any CPU.ActiveCfg = Debug|Any CPU
		{B1A59611-89D8-492C-A38B-49A7E654CE58}.Debug|Any CPU.Build.0 = Debug|Any CPU
		{B1A59611-89D8-492C-A38B-49A7E654CE58}.Release|Any CPU.ActiveCfg = Release|Any CPU
		{B1A59611-89D8-492C-A38B-49A7E654CE58}.Release|Any CPU.Build.0 = Release|Any CPU
	EndGlobalSection
	GlobalSection(SolutionProperties) = preSolution
		HideSolutionNode = FALSE
	EndGlobalSection
	GlobalSection(ExtensibilityGlobals) = postSolution
		SolutionGuid = {79D8BF9F-C8CC-44F4-AF9C-75CA5DBD033F}
	EndGlobalSection
EndGlobal
